
Microsoft Visual Studio Solution File, Format Version 12.00
# Visual Studio 14
VisualStudioVersion = 14.0.25420.1
MinimumVisualStudioVersion = 10.0.40219.1
Project("{FAE04EC0-301F-11D3-BF4B-00C04F79EFBC}") = "AMS.Model", "AMS.Model\AMS.Model.csproj", "{E523D887-004C-41D9-B9A3-6FC088C9CF92}"
EndProject
Project("{FAE04EC0-301F-11D3-BF4B-00C04F79EFBC}") = "AMS.ServiceProxy", "AMS.ServiceProxy\AMS.ServiceProxy.csproj", "{E7CDB80D-0EF6-47E6-954C-579D355A3B26}"
EndProject
Project("{FAE04EC0-301F-11D3-BF4B-00C04F79EFBC}") = "AppWebServiceV2", "AppWebServiceV2\AppWebServiceV2.csproj", "{C0CDC820-AB0C-4FEE-9ECB-63932A337937}"
EndProject
Project("{FAE04EC0-301F-11D3-BF4B-00C04F79EFBC}") = "MySoapHeader", "MySoapHeader\MySoapHeader.csproj", "{AE2C6AC3-4CC6-4BF8-8960-FEADB4A198D5}"
EndProject
Project("{FAE04EC0-301F-11D3-BF4B-00C04F79EFBC}") = "SeatManage.AppJsonModel", "SeatManage.AppJsonModel\SeatManage.AppJsonModel.csproj", "{F8977C05-3E7E-4B1E-991A-C9761CCDE9F4}"
EndProject
Project("{FAE04EC0-301F-11D3-BF4B-00C04F79EFBC}") = "SeatManage.MobileAppDataObtainProxyV2", "SeatManage.MobileAppDataObtainProxyV2\SeatManage.MobileAppDataObtainProxyV2.csproj", "{927A06AC-7DE9-4615-9C83-9C553F0C1F45}"
EndProject
Project("{FAE04EC0-301F-11D3-BF4B-00C04F79EFBC}") = "SeatManageComm", "SeatManageComm\SeatManageComm.csproj", "{19063808-3340-4563-8B40-573D8DD0BABA}"
EndProject
Project("{FAE04EC0-301F-11D3-BF4B-00C04F79EFBC}") = "EnumType", "EnumType\EnumType.csproj", "{3E7C2198-F6B3-4FAE-8EBF-2271E752DFF3}"
EndProject
Project("{FAE04EC0-301F-11D3-BF4B-00C04F79EFBC}") = "WcfServiceForSeatManage", "WcfServiceForSeatManage\WcfServiceForSeatManage.csproj", "{68EC8640-3DB5-47CC-B393-F63E608AFCFB}"
EndProject
Project("{FAE04EC0-301F-11D3-BF4B-00C04F79EFBC}") = "WcfServiceForTransportService", "WcfServiceForTransportService\WcfServiceForTransportService.csproj", "{D9345B2F-BC00-4797-894C-553F15FD2DB5}"
EndProject
Project("{FAE04EC0-301F-11D3-BF4B-00C04F79EFBC}") = "AMS.ServiceConnectChannel", "AMS.ServiceConnectChannel\AMS.ServiceConnectChannel.csproj", "{01550895-8DB9-406F-AB0A-DEF7127C8E53}"
EndProject
Project("{FAE04EC0-301F-11D3-BF4B-00C04F79EFBC}") = "SeatManageClassModel", "SeatManageClassModel\SeatManageClassModel.csproj", "{E90FBBAD-98DA-4A34-B620-26DA9ADDDF85}"
EndProject
Project("{FAE04EC0-301F-11D3-BF4B-00C04F79EFBC}") = "IWCFService", "IWCFService\IWCFService.csproj", "{F7C44CB4-96BD-4B90-BC1A-A4313D362FE9}"
EndProject
Project("{FAE04EC0-301F-11D3-BF4B-00C04F79EFBC}") = "IWCFService.TransportService", "IWCFService.TransportService\IWCFService.TransportService.csproj", "{19B2BF43-EB86-450B-80C5-9BE4ADFA5420}"
EndProject
Project("{FAE04EC0-301F-11D3-BF4B-00C04F79EFBC}") = "AMS.IBllService", "AMS.IBllService\AMS.IBllService.csproj", "{B0CF0C3C-DA9A-4BC0-82EB-24277A1AF8C9}"
EndProject
Project("{FAE04EC0-301F-11D3-BF4B-00C04F79EFBC}") = "AuthorizeVerify", "AuthorizeVerify\AuthorizeVerify.csproj", "{7CEE58EC-8892-40D3-8DC3-4231054851D3}"
EndProject
Project("{FAE04EC0-301F-11D3-BF4B-00C04F79EFBC}") = "SocketLib", "SocketLib\SocketLib.csproj", "{B931780F-450B-4A94-AFA7-3D71292D8734}"
EndProject
Project("{FAE04EC0-301F-11D3-BF4B-00C04F79EFBC}") = "SocketMsgData", "SocketMsgData\SocketMsgData.csproj", "{36DF0AE9-6B7C-4B88-8B93-77F87C8D880D}"
EndProject
Project("{FAE04EC0-301F-11D3-BF4B-00C04F79EFBC}") = "SeatManage.WeChatWcfProxy", "SeatManage.WeChatWcfProxy\SeatManage.WeChatWcfProxy.csproj", "{25EA09D0-24E2-436D-A3B1-7C111973A448}"
EndProject
Project("{FAE04EC0-301F-11D3-BF4B-00C04F79EFBC}") = "SeatManage.IWeChatWcfService", "SeatManage.IWeChatWcfService\SeatManage.IWeChatWcfService.csproj", "{36CC90DD-8F5C-4B40-885C-DFD76CC8BFB4}"
EndProject
Project("{FAE04EC0-301F-11D3-BF4B-00C04F79EFBC}") = "SeatManage.WeChatWcfChannel", "SeatManage.WeChatWcfAccessProxy\SeatManage.WeChatWcfChannel.csproj", "{F0FA0898-C90E-4E36-9FB3-1A968CDB3F34}"
EndProject
Project("{FAE04EC0-301F-11D3-BF4B-00C04F79EFBC}") = "SeatManage.DAL", "SeatManage.DAL\SeatManage.DAL.csproj", "{BFCC0DB7-FAB5-4313-88B9-1C91EA09770B}"
EndProject
Project("{FAE04EC0-301F-11D3-BF4B-00C04F79EFBC}") = "DBUtility", "DBUtility\DBUtility.csproj", "{E36B0E11-7FC9-4224-850F-E10CB57FB284}"
EndProject
Project("{FAE04EC0-301F-11D3-BF4B-00C04F79EFBC}") = "SeatManage.ISystemTerminal", "SeatManage.ISystemTerminal\SeatManage.ISystemTerminal.csproj", "{A8DC4589-E484-475E-A2BB-B1D264424F05}"
EndProject
Project("{FAE04EC0-301F-11D3-BF4B-00C04F79EFBC}") = "SeatManage.WcfAccessProxy", "SeatManage.WcfAccessProxy\SeatManage.WcfAccessProxy.csproj", "{E64D1E5D-7078-48A9-83EF-833C3D282F5D}"
EndProject
Project("{FAE04EC0-301F-11D3-BF4B-00C04F79EFBC}") = "SeatManage.InterfaceFactory", "InterfaceFactory\SeatManage.InterfaceFactory.csproj", "{FAF7C3DC-E2A6-482B-989E-735BE18517BA}"
EndProject
Global
	GlobalSection(SolutionConfigurationPlatforms) = preSolution
		Debug|Any CPU = Debug|Any CPU
		Debug|x86 = Debug|x86
		Release|Any CPU = Release|Any CPU
		Release|x86 = Release|x86
	EndGlobalSection
	GlobalSection(ProjectConfigurationPlatforms) = postSolution
		{E523D887-004C-41D9-B9A3-6FC088C9CF92}.Debug|Any CPU.ActiveCfg = Debug|Any CPU
		{E523D887-004C-41D9-B9A3-6FC088C9CF92}.Debug|Any CPU.Build.0 = Debug|Any CPU
		{E523D887-004C-41D9-B9A3-6FC088C9CF92}.Debug|x86.ActiveCfg = Debug|x86
		{E523D887-004C-41D9-B9A3-6FC088C9CF92}.Debug|x86.Build.0 = Debug|x86
		{E523D887-004C-41D9-B9A3-6FC088C9CF92}.Release|Any CPU.ActiveCfg = Release|Any CPU
		{E523D887-004C-41D9-B9A3-6FC088C9CF92}.Release|Any CPU.Build.0 = Release|Any CPU
		{E523D887-004C-41D9-B9A3-6FC088C9CF92}.Release|x86.ActiveCfg = Release|x86
		{E523D887-004C-41D9-B9A3-6FC088C9CF92}.Release|x86.Build.0 = Release|x86
		{E7CDB80D-0EF6-47E6-954C-579D355A3B26}.Debug|Any CPU.ActiveCfg = Debug|Any CPU
		{E7CDB80D-0EF6-47E6-954C-579D355A3B26}.Debug|Any CPU.Build.0 = Debug|Any CPU
		{E7CDB80D-0EF6-47E6-954C-579D355A3B26}.Debug|x86.ActiveCfg = Debug|x86
		{E7CDB80D-0EF6-47E6-954C-579D355A3B26}.Debug|x86.Build.0 = Debug|x86
		{E7CDB80D-0EF6-47E6-954C-579D355A3B26}.Release|Any CPU.ActiveCfg = Release|Any CPU
		{E7CDB80D-0EF6-47E6-954C-579D355A3B26}.Release|Any CPU.Build.0 = Release|Any CPU
		{E7CDB80D-0EF6-47E6-954C-579D355A3B26}.Release|x86.ActiveCfg = Release|x86
		{E7CDB80D-0EF6-47E6-954C-579D355A3B26}.Release|x86.Build.0 = Release|x86
		{C0CDC820-AB0C-4FEE-9ECB-63932A337937}.Debug|Any CPU.ActiveCfg = Debug|Any CPU
		{C0CDC820-AB0C-4FEE-9ECB-63932A337937}.Debug|Any CPU.Build.0 = Debug|Any CPU
		{C0CDC820-AB0C-4FEE-9ECB-63932A337937}.Debug|x86.ActiveCfg = Debug|x86
		{C0CDC820-AB0C-4FEE-9ECB-63932A337937}.Debug|x86.Build.0 = Debug|x86
		{C0CDC820-AB0C-4FEE-9ECB-63932A337937}.Release|Any CPU.ActiveCfg = Release|Any CPU
		{C0CDC820-AB0C-4FEE-9ECB-63932A337937}.Release|Any CPU.Build.0 = Release|Any CPU
		{C0CDC820-AB0C-4FEE-9ECB-63932A337937}.Release|x86.ActiveCfg = Release|x86
		{C0CDC820-AB0C-4FEE-9ECB-63932A337937}.Release|x86.Build.0 = Release|x86
		{AE2C6AC3-4CC6-4BF8-8960-FEADB4A198D5}.Debug|Any CPU.ActiveCfg = Debug|Any CPU
		{AE2C6AC3-4CC6-4BF8-8960-FEADB4A198D5}.Debug|Any CPU.Build.0 = Debug|Any CPU
		{AE2C6AC3-4CC6-4BF8-8960-FEADB4A198D5}.Debug|x86.ActiveCfg = Debug|x86
		{AE2C6AC3-4CC6-4BF8-8960-FEADB4A198D5}.Debug|x86.Build.0 = Debug|x86
		{AE2C6AC3-4CC6-4BF8-8960-FEADB4A198D5}.Release|Any CPU.ActiveCfg = Release|Any CPU
		{AE2C6AC3-4CC6-4BF8-8960-FEADB4A198D5}.Release|Any CPU.Build.0 = Release|Any CPU
		{AE2C6AC3-4CC6-4BF8-8960-FEADB4A198D5}.Release|x86.ActiveCfg = Release|x86
		{AE2C6AC3-4CC6-4BF8-8960-FEADB4A198D5}.Release|x86.Build.0 = Release|x86
		{F8977C05-3E7E-4B1E-991A-C9761CCDE9F4}.Debug|Any CPU.ActiveCfg = Debug|Any CPU
		{F8977C05-3E7E-4B1E-991A-C9761CCDE9F4}.Debug|Any CPU.Build.0 = Debug|Any CPU
		{F8977C05-3E7E-4B1E-991A-C9761CCDE9F4}.Debug|x86.ActiveCfg = Debug|Any CPU
		{F8977C05-3E7E-4B1E-991A-C9761CCDE9F4}.Debug|x86.Build.0 = Debug|Any CPU
		{F8977C05-3E7E-4B1E-991A-C9761CCDE9F4}.Release|Any CPU.ActiveCfg = Release|Any CPU
		{F8977C05-3E7E-4B1E-991A-C9761CCDE9F4}.Release|Any CPU.Build.0 = Release|Any CPU
		{F8977C05-3E7E-4B1E-991A-C9761CCDE9F4}.Release|x86.ActiveCfg = Release|Any CPU
		{F8977C05-3E7E-4B1E-991A-C9761CCDE9F4}.Release|x86.Build.0 = Release|Any CPU
		{927A06AC-7DE9-4615-9C83-9C553F0C1F45}.Debug|Any CPU.ActiveCfg = Debug|Any CPU
		{927A06AC-7DE9-4615-9C83-9C553F0C1F45}.Debug|Any CPU.Build.0 = Debug|Any CPU
		{927A06AC-7DE9-4615-9C83-9C553F0C1F45}.Debug|x86.ActiveCfg = Debug|Any CPU
		{927A06AC-7DE9-4615-9C83-9C553F0C1F45}.Debug|x86.Build.0 = Debug|Any CPU
		{927A06AC-7DE9-4615-9C83-9C553F0C1F45}.Release|Any CPU.ActiveCfg = Release|Any CPU
		{927A06AC-7DE9-4615-9C83-9C553F0C1F45}.Release|Any CPU.Build.0 = Release|Any CPU
		{927A06AC-7DE9-4615-9C83-9C553F0C1F45}.Release|x86.ActiveCfg = Release|Any CPU
		{927A06AC-7DE9-4615-9C83-9C553F0C1F45}.Release|x86.Build.0 = Release|Any CPU
		{19063808-3340-4563-8B40-573D8DD0BABA}.Debug|Any CPU.ActiveCfg = Debug|Any CPU
		{19063808-3340-4563-8B40-573D8DD0BABA}.Debug|Any CPU.Build.0 = Debug|Any CPU
		{19063808-3340-4563-8B40-573D8DD0BABA}.Debug|x86.ActiveCfg = Debug|x86
		{19063808-3340-4563-8B40-573D8DD0BABA}.Debug|x86.Build.0 = Debug|x86
		{19063808-3340-4563-8B40-573D8DD0BABA}.Release|Any CPU.ActiveCfg = Release|Any CPU
		{19063808-3340-4563-8B40-573D8DD0BABA}.Release|Any CPU.Build.0 = Release|Any CPU
		{19063808-3340-4563-8B40-573D8DD0BABA}.Release|x86.ActiveCfg = Release|x86
		{19063808-3340-4563-8B40-573D8DD0BABA}.Release|x86.Build.0 = Release|x86
		{3E7C2198-F6B3-4FAE-8EBF-2271E752DFF3}.Debug|Any CPU.ActiveCfg = Debug|Any CPU
		{3E7C2198-F6B3-4FAE-8EBF-2271E752DFF3}.Debug|Any CPU.Build.0 = Debug|Any CPU
		{3E7C2198-F6B3-4FAE-8EBF-2271E752DFF3}.Debug|x86.ActiveCfg = Debug|x86
		{3E7C2198-F6B3-4FAE-8EBF-2271E752DFF3}.Debug|x86.Build.0 = Debug|x86
		{3E7C2198-F6B3-4FAE-8EBF-2271E752DFF3}.Release|Any CPU.ActiveCfg = Release|Any CPU
		{3E7C2198-F6B3-4FAE-8EBF-2271E752DFF3}.Release|Any CPU.Build.0 = Release|Any CPU
		{3E7C2198-F6B3-4FAE-8EBF-2271E752DFF3}.Release|x86.ActiveCfg = Release|x86
		{3E7C2198-F6B3-4FAE-8EBF-2271E752DFF3}.Release|x86.Build.0 = Release|x86
		{68EC8640-3DB5-47CC-B393-F63E608AFCFB}.Debug|Any CPU.ActiveCfg = Debug|Any CPU
		{68EC8640-3DB5-47CC-B393-F63E608AFCFB}.Debug|Any CPU.Build.0 = Debug|Any CPU
		{68EC8640-3DB5-47CC-B393-F63E608AFCFB}.Debug|x86.ActiveCfg = Debug|x86
		{68EC8640-3DB5-47CC-B393-F63E608AFCFB}.Debug|x86.Build.0 = Debug|x86
		{68EC8640-3DB5-47CC-B393-F63E608AFCFB}.Release|Any CPU.ActiveCfg = Release|Any CPU
		{68EC8640-3DB5-47CC-B393-F63E608AFCFB}.Release|Any CPU.Build.0 = Release|Any CPU
		{68EC8640-3DB5-47CC-B393-F63E608AFCFB}.Release|x86.ActiveCfg = Release|x86
		{68EC8640-3DB5-47CC-B393-F63E608AFCFB}.Release|x86.Build.0 = Release|x86
		{D9345B2F-BC00-4797-894C-553F15FD2DB5}.Debug|Any CPU.ActiveCfg = Debug|Any CPU
		{D9345B2F-BC00-4797-894C-553F15FD2DB5}.Debug|Any CPU.Build.0 = Debug|Any CPU
		{D9345B2F-BC00-4797-894C-553F15FD2DB5}.Debug|x86.ActiveCfg = Debug|x86
		{D9345B2F-BC00-4797-894C-553F15FD2DB5}.Debug|x86.Build.0 = Debug|x86
		{D9345B2F-BC00-4797-894C-553F15FD2DB5}.Release|Any CPU.ActiveCfg = Release|Any CPU
		{D9345B2F-BC00-4797-894C-553F15FD2DB5}.Release|Any CPU.Build.0 = Release|Any CPU
		{D9345B2F-BC00-4797-894C-553F15FD2DB5}.Release|x86.ActiveCfg = Release|x86
		{D9345B2F-BC00-4797-894C-553F15FD2DB5}.Release|x86.Build.0 = Release|x86
		{01550895-8DB9-406F-AB0A-DEF7127C8E53}.Debug|Any CPU.ActiveCfg = Debug|Any CPU
		{01550895-8DB9-406F-AB0A-DEF7127C8E53}.Debug|Any CPU.Build.0 = Debug|Any CPU
		{01550895-8DB9-406F-AB0A-DEF7127C8E53}.Debug|x86.ActiveCfg = Debug|x86
		{01550895-8DB9-406F-AB0A-DEF7127C8E53}.Debug|x86.Build.0 = Debug|x86
		{01550895-8DB9-406F-AB0A-DEF7127C8E53}.Release|Any CPU.ActiveCfg = Release|Any CPU
		{01550895-8DB9-406F-AB0A-DEF7127C8E53}.Release|Any CPU.Build.0 = Release|Any CPU
		{01550895-8DB9-406F-AB0A-DEF7127C8E53}.Release|x86.ActiveCfg = Release|x86
		{01550895-8DB9-406F-AB0A-DEF7127C8E53}.Release|x86.Build.0 = Release|x86
		{E90FBBAD-98DA-4A34-B620-26DA9ADDDF85}.Debug|Any CPU.ActiveCfg = Debug|Any CPU
		{E90FBBAD-98DA-4A34-B620-26DA9ADDDF85}.Debug|Any CPU.Build.0 = Debug|Any CPU
		{E90FBBAD-98DA-4A34-B620-26DA9ADDDF85}.Debug|x86.ActiveCfg = Debug|x86
		{E90FBBAD-98DA-4A34-B620-26DA9ADDDF85}.Debug|x86.Build.0 = Debug|x86
		{E90FBBAD-98DA-4A34-B620-26DA9ADDDF85}.Release|Any CPU.ActiveCfg = Release|Any CPU
		{E90FBBAD-98DA-4A34-B620-26DA9ADDDF85}.Release|Any CPU.Build.0 = Release|Any CPU
		{E90FBBAD-98DA-4A34-B620-26DA9ADDDF85}.Release|x86.ActiveCfg = Release|x86
		{E90FBBAD-98DA-4A34-B620-26DA9ADDDF85}.Release|x86.Build.0 = Release|x86
		{F7C44CB4-96BD-4B90-BC1A-A4313D362FE9}.Debug|Any CPU.ActiveCfg = Debug|Any CPU
		{F7C44CB4-96BD-4B90-BC1A-A4313D362FE9}.Debug|Any CPU.Build.0 = Debug|Any CPU
		{F7C44CB4-96BD-4B90-BC1A-A4313D362FE9}.Debug|x86.ActiveCfg = Debug|x86
		{F7C44CB4-96BD-4B90-BC1A-A4313D362FE9}.Debug|x86.Build.0 = Debug|x86
		{F7C44CB4-96BD-4B90-BC1A-A4313D362FE9}.Release|Any CPU.ActiveCfg = Release|Any CPU
		{F7C44CB4-96BD-4B90-BC1A-A4313D362FE9}.Release|Any CPU.Build.0 = Release|Any CPU
		{F7C44CB4-96BD-4B90-BC1A-A4313D362FE9}.Release|x86.ActiveCfg = Release|x86
		{F7C44CB4-96BD-4B90-BC1A-A4313D362FE9}.Release|x86.Build.0 = Release|x86
		{19B2BF43-EB86-450B-80C5-9BE4ADFA5420}.Debug|Any CPU.ActiveCfg = Debug|Any CPU
		{19B2BF43-EB86-450B-80C5-9BE4ADFA5420}.Debug|Any CPU.Build.0 = Debug|Any CPU
		{19B2BF43-EB86-450B-80C5-9BE4ADFA5420}.Debug|x86.ActiveCfg = Debug|x86
		{19B2BF43-EB86-450B-80C5-9BE4ADFA5420}.Debug|x86.Build.0 = Debug|x86
		{19B2BF43-EB86-450B-80C5-9BE4ADFA5420}.Release|Any CPU.ActiveCfg = Release|Any CPU
		{19B2BF43-EB86-450B-80C5-9BE4ADFA5420}.Release|Any CPU.Build.0 = Release|Any CPU
		{19B2BF43-EB86-450B-80C5-9BE4ADFA5420}.Release|x86.ActiveCfg = Release|x86
		{19B2BF43-EB86-450B-80C5-9BE4ADFA5420}.Release|x86.Build.0 = Release|x86
		{B0CF0C3C-DA9A-4BC0-82EB-24277A1AF8C9}.Debug|Any CPU.ActiveCfg = Debug|Any CPU
		{B0CF0C3C-DA9A-4BC0-82EB-24277A1AF8C9}.Debug|Any CPU.Build.0 = Debug|Any CPU
		{B0CF0C3C-DA9A-4BC0-82EB-24277A1AF8C9}.Debug|x86.ActiveCfg = Debug|x86
		{B0CF0C3C-DA9A-4BC0-82EB-24277A1AF8C9}.Debug|x86.Build.0 = Debug|x86
		{B0CF0C3C-DA9A-4BC0-82EB-24277A1AF8C9}.Release|Any CPU.ActiveCfg = Release|Any CPU
		{B0CF0C3C-DA9A-4BC0-82EB-24277A1AF8C9}.Release|Any CPU.Build.0 = Release|Any CPU
		{B0CF0C3C-DA9A-4BC0-82EB-24277A1AF8C9}.Release|x86.ActiveCfg = Release|x86
		{B0CF0C3C-DA9A-4BC0-82EB-24277A1AF8C9}.Release|x86.Build.0 = Release|x86
		{7CEE58EC-8892-40D3-8DC3-4231054851D3}.Debug|Any CPU.ActiveCfg = Debug|Any CPU
		{7CEE58EC-8892-40D3-8DC3-4231054851D3}.Debug|Any CPU.Build.0 = Debug|Any CPU
		{7CEE58EC-8892-40D3-8DC3-4231054851D3}.Debug|x86.ActiveCfg = Debug|x86
		{7CEE58EC-8892-40D3-8DC3-4231054851D3}.Debug|x86.Build.0 = Debug|x86
		{7CEE58EC-8892-40D3-8DC3-4231054851D3}.Release|Any CPU.ActiveCfg = Release|Any CPU
		{7CEE58EC-8892-40D3-8DC3-4231054851D3}.Release|Any CPU.Build.0 = Release|Any CPU
		{7CEE58EC-8892-40D3-8DC3-4231054851D3}.Release|x86.ActiveCfg = Release|x86
		{7CEE58EC-8892-40D3-8DC3-4231054851D3}.Release|x86.Build.0 = Release|x86
		{B931780F-450B-4A94-AFA7-3D71292D8734}.Debug|Any CPU.ActiveCfg = Debug|Any CPU
		{B931780F-450B-4A94-AFA7-3D71292D8734}.Debug|Any CPU.Build.0 = Debug|Any CPU
		{B931780F-450B-4A94-AFA7-3D71292D8734}.Debug|x86.ActiveCfg = Debug|x86
		{B931780F-450B-4A94-AFA7-3D71292D8734}.Debug|x86.Build.0 = Debug|x86
		{B931780F-450B-4A94-AFA7-3D71292D8734}.Release|Any CPU.ActiveCfg = Release|Any CPU
		{B931780F-450B-4A94-AFA7-3D71292D8734}.Release|Any CPU.Build.0 = Release|Any CPU
		{B931780F-450B-4A94-AFA7-3D71292D8734}.Release|x86.ActiveCfg = Release|x86
		{B931780F-450B-4A94-AFA7-3D71292D8734}.Release|x86.Build.0 = Release|x86
		{36DF0AE9-6B7C-4B88-8B93-77F87C8D880D}.Debug|Any CPU.ActiveCfg = Debug|Any CPU
		{36DF0AE9-6B7C-4B88-8B93-77F87C8D880D}.Debug|Any CPU.Build.0 = Debug|Any CPU
		{36DF0AE9-6B7C-4B88-8B93-77F87C8D880D}.Debug|x86.ActiveCfg = Debug|x86
		{36DF0AE9-6B7C-4B88-8B93-77F87C8D880D}.Debug|x86.Build.0 = Debug|x86
		{36DF0AE9-6B7C-4B88-8B93-77F87C8D880D}.Release|Any CPU.ActiveCfg = Release|Any CPU
		{36DF0AE9-6B7C-4B88-8B93-77F87C8D880D}.Release|Any CPU.Build.0 = Release|Any CPU
		{36DF0AE9-6B7C-4B88-8B93-77F87C8D880D}.Release|x86.ActiveCfg = Release|x86
		{36DF0AE9-6B7C-4B88-8B93-77F87C8D880D}.Release|x86.Build.0 = Release|x86
		{25EA09D0-24E2-436D-A3B1-7C111973A448}.Debug|Any CPU.ActiveCfg = Debug|Any CPU
		{25EA09D0-24E2-436D-A3B1-7C111973A448}.Debug|Any CPU.Build.0 = Debug|Any CPU
		{25EA09D0-24E2-436D-A3B1-7C111973A448}.Debug|x86.ActiveCfg = Debug|Any CPU
		{25EA09D0-24E2-436D-A3B1-7C111973A448}.Debug|x86.Build.0 = Debug|Any CPU
		{25EA09D0-24E2-436D-A3B1-7C111973A448}.Release|Any CPU.ActiveCfg = Release|Any CPU
		{25EA09D0-24E2-436D-A3B1-7C111973A448}.Release|Any CPU.Build.0 = Release|Any CPU
		{25EA09D0-24E2-436D-A3B1-7C111973A448}.Release|x86.ActiveCfg = Release|Any CPU
		{25EA09D0-24E2-436D-A3B1-7C111973A448}.Release|x86.Build.0 = Release|Any CPU
		{36CC90DD-8F5C-4B40-885C-DFD76CC8BFB4}.Debug|Any CPU.ActiveCfg = Debug|Any CPU
		{36CC90DD-8F5C-4B40-885C-DFD76CC8BFB4}.Debug|Any CPU.Build.0 = Debug|Any CPU
		{36CC90DD-8F5C-4B40-885C-DFD76CC8BFB4}.Debug|x86.ActiveCfg = Debug|Any CPU
		{36CC90DD-8F5C-4B40-885C-DFD76CC8BFB4}.Debug|x86.Build.0 = Debug|Any CPU
		{36CC90DD-8F5C-4B40-885C-DFD76CC8BFB4}.Release|Any CPU.ActiveCfg = Release|Any CPU
		{36CC90DD-8F5C-4B40-885C-DFD76CC8BFB4}.Release|Any CPU.Build.0 = Release|Any CPU
		{36CC90DD-8F5C-4B40-885C-DFD76CC8BFB4}.Release|x86.ActiveCfg = Release|Any CPU
		{36CC90DD-8F5C-4B40-885C-DFD76CC8BFB4}.Release|x86.Build.0 = Release|Any CPU
		{F0FA0898-C90E-4E36-9FB3-1A968CDB3F34}.Debug|Any CPU.ActiveCfg = Debug|Any CPU
		{F0FA0898-C90E-4E36-9FB3-1A968CDB3F34}.Debug|Any CPU.Build.0 = Debug|Any CPU
		{F0FA0898-C90E-4E36-9FB3-1A968CDB3F34}.Debug|x86.ActiveCfg = Debug|Any CPU
		{F0FA0898-C90E-4E36-9FB3-1A968CDB3F34}.Debug|x86.Build.0 = Debug|Any CPU
		{F0FA0898-C90E-4E36-9FB3-1A968CDB3F34}.Release|Any CPU.ActiveCfg = Release|Any CPU
		{F0FA0898-C90E-4E36-9FB3-1A968CDB3F34}.Release|Any CPU.Build.0 = Release|Any CPU
		{F0FA0898-C90E-4E36-9FB3-1A968CDB3F34}.Release|x86.ActiveCfg = Release|Any CPU
		{F0FA0898-C90E-4E36-9FB3-1A968CDB3F34}.Release|x86.Build.0 = Release|Any CPU
		{BFCC0DB7-FAB5-4313-88B9-1C91EA09770B}.Debug|Any CPU.ActiveCfg = Debug|Any CPU
		{BFCC0DB7-FAB5-4313-88B9-1C91EA09770B}.Debug|Any CPU.Build.0 = Debug|Any CPU
		{BFCC0DB7-FAB5-4313-88B9-1C91EA09770B}.Debug|x86.ActiveCfg = Debug|x86
		{BFCC0DB7-FAB5-4313-88B9-1C91EA09770B}.Debug|x86.Build.0 = Debug|x86
		{BFCC0DB7-FAB5-4313-88B9-1C91EA09770B}.Release|Any CPU.ActiveCfg = Release|Any CPU
		{BFCC0DB7-FAB5-4313-88B9-1C91EA09770B}.Release|Any CPU.Build.0 = Release|Any CPU
		{BFCC0DB7-FAB5-4313-88B9-1C91EA09770B}.Release|x86.ActiveCfg = Release|x86
		{BFCC0DB7-FAB5-4313-88B9-1C91EA09770B}.Release|x86.Build.0 = Release|x86
		{E36B0E11-7FC9-4224-850F-E10CB57FB284}.Debug|Any CPU.ActiveCfg = Debug|Any CPU
		{E36B0E11-7FC9-4224-850F-E10CB57FB284}.Debug|Any CPU.Build.0 = Debug|Any CPU
		{E36B0E11-7FC9-4224-850F-E10CB57FB284}.Debug|x86.ActiveCfg = Debug|x86
		{E36B0E11-7FC9-4224-850F-E10CB57FB284}.Debug|x86.Build.0 = Debug|x86
		{E36B0E11-7FC9-4224-850F-E10CB57FB284}.Release|Any CPU.ActiveCfg = Release|Any CPU
		{E36B0E11-7FC9-4224-850F-E10CB57FB284}.Release|Any CPU.Build.0 = Release|Any CPU
		{E36B0E11-7FC9-4224-850F-E10CB57FB284}.Release|x86.ActiveCfg = Release|x86
		{E36B0E11-7FC9-4224-850F-E10CB57FB284}.Release|x86.Build.0 = Release|x86
		{A8DC4589-E484-475E-A2BB-B1D264424F05}.Debug|Any CPU.ActiveCfg = Debug|Any CPU
		{A8DC4589-E484-475E-A2BB-B1D264424F05}.Debug|Any CPU.Build.0 = Debug|Any CPU
		{A8DC4589-E484-475E-A2BB-B1D264424F05}.Debug|x86.ActiveCfg = Debug|x86
		{A8DC4589-E484-475E-A2BB-B1D264424F05}.Debug|x86.Build.0 = Debug|x86
		{A8DC4589-E484-475E-A2BB-B1D264424F05}.Release|Any CPU.ActiveCfg = Release|Any CPU
		{A8DC4589-E484-475E-A2BB-B1D264424F05}.Release|Any CPU.Build.0 = Release|Any CPU
		{A8DC4589-E484-475E-A2BB-B1D264424F05}.Release|x86.ActiveCfg = Release|x86
		{A8DC4589-E484-475E-A2BB-B1D264424F05}.Release|x86.Build.0 = Release|x86
		{E64D1E5D-7078-48A9-83EF-833C3D282F5D}.Debug|Any CPU.ActiveCfg = Debug|Any CPU
		{E64D1E5D-7078-48A9-83EF-833C3D282F5D}.Debug|Any CPU.Build.0 = Debug|Any CPU
		{E64D1E5D-7078-48A9-83EF-833C3D282F5D}.Debug|x86.ActiveCfg = Debug|x86
		{E64D1E5D-7078-48A9-83EF-833C3D282F5D}.Debug|x86.Build.0 = Debug|x86
		{E64D1E5D-7078-48A9-83EF-833C3D282F5D}.Release|Any CPU.ActiveCfg = Release|Any CPU
		{E64D1E5D-7078-48A9-83EF-833C3D282F5D}.Release|Any CPU.Build.0 = Release|Any CPU
		{E64D1E5D-7078-48A9-83EF-833C3D282F5D}.Release|x86.ActiveCfg = Release|x86
		{E64D1E5D-7078-48A9-83EF-833C3D282F5D}.Release|x86.Build.0 = Release|x86
		{FAF7C3DC-E2A6-482B-989E-735BE18517BA}.Debug|Any CPU.ActiveCfg = Debug|Any CPU
		{FAF7C3DC-E2A6-482B-989E-735BE18517BA}.Debug|Any CPU.Build.0 = Debug|Any CPU
		{FAF7C3DC-E2A6-482B-989E-735BE18517BA}.Debug|x86.ActiveCfg = Debug|x86
		{FAF7C3DC-E2A6-482B-989E-735BE18517BA}.Debug|x86.Build.0 = Debug|x86
		{FAF7C3DC-E2A6-482B-989E-735BE18517BA}.Release|Any CPU.ActiveCfg = Release|Any CPU
		{FAF7C3DC-E2A6-482B-989E-735BE18517BA}.Release|Any CPU.Build.0 = Release|Any CPU
		{FAF7C3DC-E2A6-482B-989E-735BE18517BA}.Release|x86.ActiveCfg = Release|x86
		{FAF7C3DC-E2A6-482B-989E-735BE18517BA}.Release|x86.Build.0 = Release|x86
	EndGlobalSection
	GlobalSection(SolutionProperties) = preSolution
		HideSolutionNode = FALSE
	EndGlobalSection
EndGlobal
